
Microsoft Visual Studio Solution File, Format Version 12.00
# Visual Studio 15
VisualStudioVersion = 15.0.28307.168
MinimumVisualStudioVersion = 10.0.40219.1
Project("{FAE04EC0-301F-11D3-BF4B-00C04F79EFBC}") = "ServerTest", "ServerTest\ServerTest.csproj", "{F45360A8-FE86-4E75-A6EE-663C8941F503}"
EndProject
Global
	GlobalSection(SolutionConfigurationPlatforms) = preSolution
		Debug|Any CPU = Debug|Any CPU
		Release|Any CPU = Release|Any CPU
	EndGlobalSection
	GlobalSection(ProjectConfigurationPlatforms) = postSolution
		{F45360A8-FE86-4E75-A6EE-663C8941F503}.Debug|Any CPU.ActiveCfg = Debug|Any CPU
		{F45360A8-FE86-4E75-A6EE-663C8941F503}.Debug|Any CPU.Build.0 = Debug|Any CPU
		{F45360A8-FE86-4E75-A6EE-663C8941F503}.Release|Any CPU.ActiveCfg = Release|Any CPU
		{F45360A8-FE86-4E75-A6EE-663C8941F503}.Release|Any CPU.Build.0 = Release|Any CPU
	EndGlobalSection
	GlobalSection(SolutionProperties) = preSolution
		HideSolutionNode = FALSE
	EndGlobalSection
	GlobalSection(ExtensibilityGlobals) = postSolution
		SolutionGuid = {0313D0AB-E0F4-4FE2-AC45-2FFEC9B94590}
	EndGlobalSection
EndGlobal
